{
  "nodes": {
    "base16-schemes": {
      "flake": false,
      "locked": {
        "lastModified": 1696158499,
        "narHash": "sha256-5yIHgDTPjoX/3oDEfLSQ0eJZdFL1SaCfb9d6M0RmOTM=",
        "owner": "tinted-theming",
        "repo": "base16-schemes",
        "rev": "a9112eaae86d9dd8ee6bb9445b664fba2f94037a",
        "type": "github"
      },
      "original": {
        "owner": "tinted-theming",
        "repo": "base16-schemes",
        "type": "github"
      }
    },
    "catppuccin": {
      "inputs": {
        "nixpkgs": "nixpkgs"
      },
      "locked": {
        "lastModified": 1751636951,
        "narHash": "sha256-07ZP0hEF7HVqGdDc7hgP3jOduNznFt71Lqb3xgXXQWI=",
        "owner": "catppuccin",
        "repo": "nix",
        "rev": "09e2be240370f27312a44633d852732b66cb8f01",
        "type": "github"
      },
      "original": {
        "owner": "catppuccin",
        "repo": "nix",
        "type": "github"
      }
    },
    "distro-grub-themes": {
      "inputs": {
        "flake-utils": "flake-utils",
        "nixpkgs": "nixpkgs_2"
      },
      "locked": {
        "lastModified": 1734806114,
        "narHash": "sha256-FWkDtoLMTTk2Lz4d4LkFjtV/xYyIlpwZlX5Np1QhXls=",
        "owner": "AdisonCavani",
        "repo": "distro-grub-themes",
        "rev": "ebbd17419890059e371a6f2dbf2a7e76190327d4",
        "type": "github"
      },
      "original": {
        "owner": "AdisonCavani",
        "repo": "distro-grub-themes",
        "type": "github"
      }
    },
    "firefox-addons": {
      "inputs": {
        "nixpkgs": "nixpkgs_3"
      },
      "locked": {
        "dir": "pkgs/firefox-addons",
        "lastModified": 1751618693,
        "narHash": "sha256-bAKNekZcZd4QnBO/RUxjQAgaz67bYwFXWfQENA45Scg=",
        "owner": "rycee",
        "repo": "nur-expressions",
        "rev": "0c5b037915083a27a260b063b127b31443827bae",
        "type": "gitlab"
      },
      "original": {
        "dir": "pkgs/firefox-addons",
        "owner": "rycee",
        "repo": "nur-expressions",
        "type": "gitlab"
      }
    },
    "flake-parts": {
      "inputs": {
        "nixpkgs-lib": [
          "nixvim",
          "nixvim",
          "nixpkgs"
        ]
      },
      "locked": {
        "lastModified": 1743550720,
        "narHash": "sha256-hIshGgKZCgWh6AYJpJmRgFdR3WUbkY04o82X05xqQiY=",
        "owner": "hercules-ci",
        "repo": "flake-parts",
        "rev": "c621e8422220273271f52058f618c94e405bb0f5",
        "type": "github"
      },
      "original": {
        "owner": "hercules-ci",
        "repo": "flake-parts",
        "type": "github"
      }
    },
    "flake-parts_2": {
      "inputs": {
        "nixpkgs-lib": [
          "nur",
          "nixpkgs"
        ]
      },
      "locked": {
        "lastModified": 1733312601,
        "narHash": "sha256-4pDvzqnegAfRkPwO3wmwBhVi/Sye1mzps0zHWYnP88c=",
        "owner": "hercules-ci",
        "repo": "flake-parts",
        "rev": "205b12d8b7cd4802fbcb8e8ef6a0f1408781a4f9",
        "type": "github"
      },
      "original": {
        "owner": "hercules-ci",
        "repo": "flake-parts",
        "type": "github"
      }
    },
    "flake-utils": {
      "inputs": {
        "systems": "systems"
      },
      "locked": {
        "lastModified": 1731533236,
        "narHash": "sha256-l0KFg5HjrsfsO/JpG+r7fRrqm12kzFHyUHqHCVpMMbI=",
        "owner": "numtide",
        "repo": "flake-utils",
        "rev": "11707dc2f618dd54ca8739b309ec4fc024de578b",
        "type": "github"
      },
      "original": {
        "owner": "numtide",
        "repo": "flake-utils",
        "type": "github"
      }
    },
    "flake-utils_2": {
      "inputs": {
        "systems": "systems_2"
      },
      "locked": {
        "lastModified": 1731533236,
        "narHash": "sha256-l0KFg5HjrsfsO/JpG+r7fRrqm12kzFHyUHqHCVpMMbI=",
        "owner": "numtide",
        "repo": "flake-utils",
        "rev": "11707dc2f618dd54ca8739b309ec4fc024de578b",
        "type": "github"
      },
      "original": {
        "owner": "numtide",
        "repo": "flake-utils",
        "type": "github"
      }
    },
    "flake-utils_3": {
      "inputs": {
        "systems": "systems_3"
      },
      "locked": {
        "lastModified": 1731533236,
        "narHash": "sha256-l0KFg5HjrsfsO/JpG+r7fRrqm12kzFHyUHqHCVpMMbI=",
        "owner": "numtide",
        "repo": "flake-utils",
        "rev": "11707dc2f618dd54ca8739b309ec4fc024de578b",
        "type": "github"
      },
      "original": {
        "owner": "numtide",
        "repo": "flake-utils",
        "type": "github"
      }
    },
    "home-manager": {
      "inputs": {
        "nixpkgs": [
          "nixpkgs"
        ]
      },
      "locked": {
        "lastModified": 1751638848,
        "narHash": "sha256-7HiC6w4ROEbMmKtj5pilnLOJej9HkkfU9wEd5QSTyNo=",
        "owner": "nix-community",
        "repo": "home-manager",
        "rev": "7d9e3c35f0d46f82bac791d76260f15f53d83529",
        "type": "github"
      },
      "original": {
        "owner": "nix-community",
        "repo": "home-manager",
        "type": "github"
      }
    },
    "home-manager-stable": {
      "inputs": {
        "nixpkgs": [
          "nixpkgs-stable"
        ]
      },
      "locked": {
        "lastModified": 1751468302,
        "narHash": "sha256-tWosziZTT039x6PgEZUhzGlV8oLvdDmIgKTE8ESMaEA=",
        "owner": "nix-community",
        "repo": "home-manager",
        "rev": "501cfec8277f931a9c9af9f23d3105c537faeafe",
        "type": "github"
      },
      "original": {
        "owner": "nix-community",
        "ref": "release-25.05",
        "repo": "home-manager",
        "type": "github"
      }
    },
    "home-manager_2": {
      "inputs": {
        "nixpkgs": [
          "zen-browser",
          "nixpkgs"
        ]
      },
      "locked": {
        "lastModified": 1743604125,
        "narHash": "sha256-ZD61DNbsBt1mQbinAaaEqKaJk2RFo9R/j+eYWeGMx7A=",
        "owner": "nix-community",
        "repo": "home-manager",
        "rev": "180fd43eea296e62ae68e079fcf56aba268b9a1a",
        "type": "github"
      },
      "original": {
        "owner": "nix-community",
        "repo": "home-manager",
        "type": "github"
      }
    },
    "hypr-contrib": {
      "inputs": {
        "nixpkgs": "nixpkgs_4"
      },
      "locked": {
        "lastModified": 1750372088,
        "narHash": "sha256-LPwgPRBTfnA76rHUr7KYvwq2pNt5IfxymNAZUJFvn/M=",
        "owner": "hyprwm",
        "repo": "contrib",
        "rev": "189f32f56285aae9646bf1292976392beba5a2e2",
        "type": "github"
      },
      "original": {
        "owner": "hyprwm",
        "repo": "contrib",
        "type": "github"
      }
    },
    "hyprmag": {
      "inputs": {
        "nixpkgs": "nixpkgs_5"
      },
      "locked": {
        "lastModified": 1749567286,
        "narHash": "sha256-wEis7Z21RS+yuJGI8aSBVLkTvUWZQ6sej+Wx1movLAM=",
        "owner": "SIMULATAN",
        "repo": "hyprmag",
        "rev": "a58f3715ab1b097343bda0918ebc450ffcae4627",
        "type": "github"
      },
      "original": {
        "owner": "SIMULATAN",
        "repo": "hyprmag",
        "type": "github"
      }
    },
    "ixx": {
      "inputs": {
        "flake-utils": [
          "nixvim",
          "nixvim",
          "nuschtosSearch",
          "flake-utils"
        ],
        "nixpkgs": [
          "nixvim",
          "nixvim",
          "nuschtosSearch",
          "nixpkgs"
        ]
      },
      "locked": {
        "lastModified": 1737371634,
        "narHash": "sha256-fTVAWzT1UMm1lT+YxHuVPtH+DATrhYfea3B0MxG/cGw=",
        "owner": "NuschtOS",
        "repo": "ixx",
        "rev": "a1176e2a10ce745ff8f63e4af124ece8fe0b1648",
        "type": "github"
      },
      "original": {
        "owner": "NuschtOS",
        "ref": "v0.0.7",
        "repo": "ixx",
        "type": "github"
      }
    },
    "nix-colors": {
      "inputs": {
        "base16-schemes": "base16-schemes",
        "nixpkgs-lib": "nixpkgs-lib"
      },
      "locked": {
        "lastModified": 1707825078,
        "narHash": "sha256-hTfge2J2W+42SZ7VHXkf4kjU+qzFqPeC9k66jAUBMHk=",
        "owner": "misterio77",
        "repo": "nix-colors",
        "rev": "b01f024090d2c4fc3152cd0cf12027a7b8453ba1",
        "type": "github"
      },
      "original": {
        "owner": "misterio77",
        "repo": "nix-colors",
        "type": "github"
      }
    },
    "nixpkgs": {
      "locked": {
        "lastModified": 1750776420,
        "narHash": "sha256-/CG+w0o0oJ5itVklOoLbdn2dGB0wbZVOoDm4np6w09A=",
        "owner": "NixOS",
        "repo": "nixpkgs",
        "rev": "30a61f056ac492e3b7cdcb69c1e6abdcf00e39cf",
        "type": "github"
      },
      "original": {
        "owner": "NixOS",
        "ref": "nixos-unstable",
        "repo": "nixpkgs",
        "type": "github"
      }
    },
    "nixpkgs-lib": {
      "locked": {
        "lastModified": 1697935651,
        "narHash": "sha256-qOfWjQ2JQSQL15KLh6D7xQhx0qgZlYZTYlcEiRuAMMw=",
        "owner": "nix-community",
        "repo": "nixpkgs.lib",
        "rev": "e1e11fdbb01113d85c7f41cada9d2847660e3902",
        "type": "github"
      },
      "original": {
        "owner": "nix-community",
        "repo": "nixpkgs.lib",
        "type": "github"
      }
    },
    "nixpkgs-stable": {
      "locked": {
        "lastModified": 1751479989,
        "narHash": "sha256-M5KgdpVBVcW4HRVq9/OSRbrxlwsQ1ogEKqnvzsClDqU=",
        "owner": "nixos",
        "repo": "nixpkgs",
        "rev": "34627c90f062da515ea358360f448da57769236e",
        "type": "github"
      },
      "original": {
        "owner": "nixos",
        "ref": "nixos-25.05",
        "repo": "nixpkgs",
        "type": "github"
      }
    },
    "nixpkgs_10": {
      "locked": {
        "lastModified": 1743448293,
        "narHash": "sha256-bmEPmSjJakAp/JojZRrUvNcDX2R5/nuX6bm+seVaGhs=",
        "owner": "nixos",
        "repo": "nixpkgs",
        "rev": "77b584d61ff80b4cef9245829a6f1dfad5afdfa3",
        "type": "github"
      },
      "original": {
        "owner": "nixos",
        "ref": "nixos-unstable",
        "repo": "nixpkgs",
        "type": "github"
      }
    },
    "nixpkgs_2": {
      "locked": {
        "lastModified": 1731676054,
        "narHash": "sha256-OZiZ3m8SCMfh3B6bfGC/Bm4x3qc1m2SVEAlkV6iY7Yg=",
        "owner": "nixos",
        "repo": "nixpkgs",
        "rev": "5e4fbfb6b3de1aa2872b76d49fafc942626e2add",
        "type": "github"
      },
      "original": {
        "owner": "nixos",
        "ref": "nixos-unstable",
        "repo": "nixpkgs",
        "type": "github"
      }
    },
    "nixpkgs_3": {
      "locked": {
        "lastModified": 1744536153,
        "narHash": "sha256-awS2zRgF4uTwrOKwwiJcByDzDOdo3Q1rPZbiHQg/N38=",
        "owner": "nixos",
        "repo": "nixpkgs",
        "rev": "18dd725c29603f582cf1900e0d25f9f1063dbf11",
        "type": "github"
      },
      "original": {
        "owner": "nixos",
        "ref": "nixpkgs-unstable",
        "repo": "nixpkgs",
        "type": "github"
      }
    },
    "nixpkgs_4": {
      "locked": {
        "lastModified": 1712163089,
        "narHash": "sha256-Um+8kTIrC19vD4/lUCN9/cU9kcOsD1O1m+axJqQPyMM=",
        "owner": "NixOS",
        "repo": "nixpkgs",
        "rev": "fd281bd6b7d3e32ddfa399853946f782553163b5",
        "type": "github"
      },
      "original": {
        "owner": "NixOS",
        "ref": "nixos-unstable",
        "repo": "nixpkgs",
        "type": "github"
      }
    },
    "nixpkgs_5": {
      "locked": {
        "lastModified": 1683014792,
        "narHash": "sha256-6Va9iVtmmsw4raBc3QKvQT2KT/NGRWlvUlJj46zN8B8=",
        "owner": "NixOS",
        "repo": "nixpkgs",
        "rev": "1a411f23ba299db155a5b45d5e145b85a7aafc42",
        "type": "github"
      },
      "original": {
        "owner": "NixOS",
        "ref": "nixos-unstable",
        "repo": "nixpkgs",
        "type": "github"
      }
    },
    "nixpkgs_6": {
      "locked": {
        "lastModified": 1751271578,
        "narHash": "sha256-P/SQmKDu06x8yv7i0s8bvnnuJYkxVGBWLWHaU+tt4YY=",
        "owner": "nixos",
        "repo": "nixpkgs",
        "rev": "3016b4b15d13f3089db8a41ef937b13a9e33a8df",
        "type": "github"
      },
      "original": {
        "owner": "nixos",
        "ref": "nixos-unstable",
        "repo": "nixpkgs",
        "type": "github"
      }
    },
    "nixpkgs_7": {
      "locked": {
        "lastModified": 1747958103,
        "narHash": "sha256-qmmFCrfBwSHoWw7cVK4Aj+fns+c54EBP8cGqp/yK410=",
        "owner": "NixOS",
        "repo": "nixpkgs",
        "rev": "fe51d34885f7b5e3e7b59572796e1bcb427eccb1",
        "type": "github"
      },
      "original": {
        "id": "nixpkgs",
        "type": "indirect"
      }
    },
    "nixpkgs_8": {
      "locked": {
        "lastModified": 1747958103,
        "narHash": "sha256-qmmFCrfBwSHoWw7cVK4Aj+fns+c54EBP8cGqp/yK410=",
        "owner": "NixOS",
        "repo": "nixpkgs",
        "rev": "fe51d34885f7b5e3e7b59572796e1bcb427eccb1",
        "type": "github"
      },
      "original": {
        "owner": "NixOS",
        "ref": "nixpkgs-unstable",
        "repo": "nixpkgs",
        "type": "github"
      }
    },
    "nixpkgs_9": {
      "locked": {
        "lastModified": 1751271578,
        "narHash": "sha256-P/SQmKDu06x8yv7i0s8bvnnuJYkxVGBWLWHaU+tt4YY=",
        "owner": "nixos",
        "repo": "nixpkgs",
        "rev": "3016b4b15d13f3089db8a41ef937b13a9e33a8df",
        "type": "github"
      },
      "original": {
        "owner": "nixos",
        "ref": "nixos-unstable",
        "repo": "nixpkgs",
        "type": "github"
      }
    },
    "nixvim": {
      "inputs": {
        "flake-utils": "flake-utils_2",
        "nixpkgs": "nixpkgs_7",
        "nixvim": "nixvim_2"
      },
      "locked": {
        "lastModified": 1748176109,
        "narHash": "sha256-1KK/aRtdYT4p6rUDr2POHGzkorgNr3Z+hFI4Inq+d2U=",
        "owner": "hemanth-92",
        "repo": "nixvim",
        "rev": "fa67b1735e662c437b7b537a6d590a8ff7f51330",
        "type": "github"
      },
      "original": {
        "owner": "hemanth-92",
        "repo": "nixvim",
        "type": "github"
      }
    },
    "nixvim_2": {
      "inputs": {
        "flake-parts": "flake-parts",
        "nixpkgs": "nixpkgs_8",
        "nuschtosSearch": "nuschtosSearch",
        "systems": "systems_4"
      },
      "locked": {
        "lastModified": 1748088865,
        "narHash": "sha256-xfAT2ykSAWcYgxkyZN5n6xRHab93u56zbBjuhoDFKFg=",
        "owner": "nix-community",
        "repo": "nixvim",
        "rev": "2c0a9ff1e2bcc6aab15caa504a7c9670f6e0a929",
        "type": "github"
      },
      "original": {
        "owner": "nix-community",
        "repo": "nixvim",
        "type": "github"
      }
    },
    "nur": {
      "inputs": {
        "flake-parts": "flake-parts_2",
        "nixpkgs": "nixpkgs_9",
        "treefmt-nix": "treefmt-nix"
      },
      "locked": {
        "lastModified": 1751634409,
        "narHash": "sha256-6tjom56FWFcWDTlVYy2iWRimHWR93Y+mz/cbccf7BCI=",
        "owner": "nix-community",
        "repo": "nur",
        "rev": "2c64f643c574162f89742cb646d553d7182daccd",
        "type": "github"
      },
      "original": {
        "owner": "nix-community",
        "repo": "nur",
        "type": "github"
      }
    },
    "nuschtosSearch": {
      "inputs": {
        "flake-utils": "flake-utils_3",
        "ixx": "ixx",
        "nixpkgs": [
          "nixvim",
          "nixvim",
          "nixpkgs"
        ]
      },
      "locked": {
        "lastModified": 1745046075,
        "narHash": "sha256-8v4y6k16Ra/fiecb4DxhsoOGtzLKgKlS+9/XJ9z0T2I=",
        "owner": "NuschtOS",
        "repo": "search",
        "rev": "066afe8643274470f4a294442aadd988356a478f",
        "type": "github"
      },
      "original": {
        "owner": "NuschtOS",
        "repo": "search",
        "type": "github"
      }
    },
    "root": {
      "inputs": {
        "catppuccin": "catppuccin",
        "distro-grub-themes": "distro-grub-themes",
        "firefox-addons": "firefox-addons",
        "home-manager": "home-manager",
        "home-manager-stable": "home-manager-stable",
        "hypr-contrib": "hypr-contrib",
        "hyprmag": "hyprmag",
        "nix-colors": "nix-colors",
        "nixpkgs": "nixpkgs_6",
        "nixpkgs-stable": "nixpkgs-stable",
        "nixvim": "nixvim",
        "nur": "nur",
        "zen-browser": "zen-browser"
      }
    },
    "systems": {
      "locked": {
        "lastModified": 1681028828,
        "narHash": "sha256-Vy1rq5AaRuLzOxct8nz4T6wlgyUR7zLU309k9mBC768=",
        "owner": "nix-systems",
        "repo": "default",
        "rev": "da67096a3b9bf56a91d16901293e51ba5b49a27e",
        "type": "github"
      },
      "original": {
        "owner": "nix-systems",
        "repo": "default",
        "type": "github"
      }
    },
    "systems_2": {
      "locked": {
        "lastModified": 1681028828,
        "narHash": "sha256-Vy1rq5AaRuLzOxct8nz4T6wlgyUR7zLU309k9mBC768=",
        "owner": "nix-systems",
        "repo": "default",
        "rev": "da67096a3b9bf56a91d16901293e51ba5b49a27e",
        "type": "github"
      },
      "original": {
        "owner": "nix-systems",
        "repo": "default",
        "type": "github"
      }
    },
    "systems_3": {
      "locked": {
        "lastModified": 1681028828,
        "narHash": "sha256-Vy1rq5AaRuLzOxct8nz4T6wlgyUR7zLU309k9mBC768=",
        "owner": "nix-systems",
        "repo": "default",
        "rev": "da67096a3b9bf56a91d16901293e51ba5b49a27e",
        "type": "github"
      },
      "original": {
        "owner": "nix-systems",
        "repo": "default",
        "type": "github"
      }
    },
    "systems_4": {
      "locked": {
        "lastModified": 1681028828,
        "narHash": "sha256-Vy1rq5AaRuLzOxct8nz4T6wlgyUR7zLU309k9mBC768=",
        "owner": "nix-systems",
        "repo": "default",
        "rev": "da67096a3b9bf56a91d16901293e51ba5b49a27e",
        "type": "github"
      },
      "original": {
        "owner": "nix-systems",
        "repo": "default",
        "type": "github"
      }
    },
    "treefmt-nix": {
      "inputs": {
        "nixpkgs": [
          "nur",
          "nixpkgs"
        ]
      },
      "locked": {
        "lastModified": 1733222881,
        "narHash": "sha256-JIPcz1PrpXUCbaccEnrcUS8jjEb/1vJbZz5KkobyFdM=",
        "owner": "numtide",
        "repo": "treefmt-nix",
        "rev": "49717b5af6f80172275d47a418c9719a31a78b53",
        "type": "github"
      },
      "original": {
        "owner": "numtide",
        "repo": "treefmt-nix",
        "type": "github"
      }
    },
    "zen-browser": {
      "inputs": {
        "home-manager": "home-manager_2",
        "nixpkgs": "nixpkgs_10"
      },
      "locked": {
        "lastModified": 1751599118,
        "narHash": "sha256-3a47LxEZ7751Wd5upwZa8psX5mRsYACQgS2WxY5zitc=",
        "owner": "0xc000022070",
        "repo": "zen-browser-flake",
        "rev": "a3566f5b9c6ec2fa490976051889ebada20910b4",
        "type": "github"
      },
      "original": {
        "owner": "0xc000022070",
        "repo": "zen-browser-flake",
        "type": "github"
      }
    }
  },
  "root": "root",
  "version": 7
}
